{
  "name": "odp.admin",
  "version": "2.0.0",
  "lockfileVersion": 2,
  "requires": true,
  "packages": {
    "": {
      "name": "odp.admin",
      "version": "2.0.0",
      "license": "MIT",
      "dependencies": {
        "bootstrap4-duallistbox": "^4.0.2"
      }
    },
    "node_modules/bootstrap4-duallistbox": {
      "version": "4.0.2",
      "resolved": "https://registry.npmjs.org/bootstrap4-duallistbox/-/bootstrap4-duallistbox-4.0.2.tgz",
      "integrity": "sha512-vQdANVE2NN0HMaZO9qWJy0C7u04uTpAmtUGO3KLq3xAZKCboJweQ437hDTszI6pbYV2olJCGZMbdhvIkBNGeGQ=="
    }
  },
  "dependencies": {
    "bootstrap4-duallistbox": {
      "version": "4.0.2",
      "resolved": "https://registry.npmjs.org/bootstrap4-duallistbox/-/bootstrap4-duallistbox-4.0.2.tgz",
      "integrity": "sha512-vQdANVE2NN0HMaZO9qWJy0C7u04uTpAmtUGO3KLq3xAZKCboJweQ437hDTszI6pbYV2olJCGZMbdhvIkBNGeGQ=="
    }
  }
}
